
Microsoft Visual Studio Solution File, Format Version 12.00
# Visual Studio Version 17
VisualStudioVersion = 17.0.32112.339
MinimumVisualStudioVersion = 10.0.40219.1
Project("{FAE04EC0-301F-11D3-BF4B-00C04F79EFBC}") = "SomaAeB.ConsoleApp", "SomaAeB.ConsoleApp\SomaAeB.ConsoleApp.csproj", "{68467898-7088-4390-8EBE-8A189DBCA50F}"
EndProject
Project("{FAE04EC0-301F-11D3-BF4B-00C04F79EFBC}") = "OrdemDecrescente.ConsoleApp", "OrdemDecrescente.ConsoleApp\OrdemDecrescente.ConsoleApp.csproj", "{348CFA3E-87EF-4590-B74A-9031324F5904}"
EndProject
Project("{FAE04EC0-301F-11D3-BF4B-00C04F79EFBC}") = "IMC.ConsoleApp", "IMC.ConsoleApp\IMC.ConsoleApp.csproj", "{3C99D69C-8E59-4AC1-9C4E-79171A6447EF}"
EndProject
Project("{FAE04EC0-301F-11D3-BF4B-00C04F79EFBC}") = "ParImpar.ConsoleApp", "ParImpar.ConsoleApp\ParImpar.ConsoleApp.csproj", "{306AEAAB-A819-42DC-9024-DAA27632D615}"
EndProject
Global
	GlobalSection(SolutionConfigurationPlatforms) = preSolution
		Debug|Any CPU = Debug|Any CPU
		Release|Any CPU = Release|Any CPU
	EndGlobalSection
	GlobalSection(ProjectConfigurationPlatforms) = postSolution
		{68467898-7088-4390-8EBE-8A189DBCA50F}.Debug|Any CPU.ActiveCfg = Debug|Any CPU
		{68467898-7088-4390-8EBE-8A189DBCA50F}.Debug|Any CPU.Build.0 = Debug|Any CPU
		{68467898-7088-4390-8EBE-8A189DBCA50F}.Release|Any CPU.ActiveCfg = Release|Any CPU
		{68467898-7088-4390-8EBE-8A189DBCA50F}.Release|Any CPU.Build.0 = Release|Any CPU
		{348CFA3E-87EF-4590-B74A-9031324F5904}.Debug|Any CPU.ActiveCfg = Debug|Any CPU
		{348CFA3E-87EF-4590-B74A-9031324F5904}.Debug|Any CPU.Build.0 = Debug|Any CPU
		{348CFA3E-87EF-4590-B74A-9031324F5904}.Release|Any CPU.ActiveCfg = Release|Any CPU
		{348CFA3E-87EF-4590-B74A-9031324F5904}.Release|Any CPU.Build.0 = Release|Any CPU
		{3C99D69C-8E59-4AC1-9C4E-79171A6447EF}.Debug|Any CPU.ActiveCfg = Debug|Any CPU
		{3C99D69C-8E59-4AC1-9C4E-79171A6447EF}.Debug|Any CPU.Build.0 = Debug|Any CPU
		{3C99D69C-8E59-4AC1-9C4E-79171A6447EF}.Release|Any CPU.ActiveCfg = Release|Any CPU
		{3C99D69C-8E59-4AC1-9C4E-79171A6447EF}.Release|Any CPU.Build.0 = Release|Any CPU
		{306AEAAB-A819-42DC-9024-DAA27632D615}.Debug|Any CPU.ActiveCfg = Debug|Any CPU
		{306AEAAB-A819-42DC-9024-DAA27632D615}.Debug|Any CPU.Build.0 = Debug|Any CPU
		{306AEAAB-A819-42DC-9024-DAA27632D615}.Release|Any CPU.ActiveCfg = Release|Any CPU
		{306AEAAB-A819-42DC-9024-DAA27632D615}.Release|Any CPU.Build.0 = Release|Any CPU
	EndGlobalSection
	GlobalSection(SolutionProperties) = preSolution
		HideSolutionNode = FALSE
	EndGlobalSection
	GlobalSection(ExtensibilityGlobals) = postSolution
		SolutionGuid = {3C811DE5-6957-49FC-96EC-307AE135A62C}
	EndGlobalSection
EndGlobal
